
Microsoft Visual Studio Solution File, Format Version 12.00
# Visual Studio Version 17
VisualStudioVersion = 17.9.34728.123
MinimumVisualStudioVersion = 10.0.40219.1
Project("{FAE04EC0-301F-11D3-BF4B-00C04F79EFBC}") = "ShopQuanAo", "ShopQuanAo\ShopQuanAo.csproj", "{129C94C3-6D9F-4CDC-9BC5-BC8E4007D147}"
EndProject
Global
	GlobalSection(SolutionConfigurationPlatforms) = preSolution
		Debug|Any CPU = Debug|Any CPU
		Release|Any CPU = Release|Any CPU
	EndGlobalSection
	GlobalSection(ProjectConfigurationPlatforms) = postSolution
		{129C94C3-6D9F-4CDC-9BC5-BC8E4007D147}.Debug|Any CPU.ActiveCfg = Debug|Any CPU
		{129C94C3-6D9F-4CDC-9BC5-BC8E4007D147}.Debug|Any CPU.Build.0 = Debug|Any CPU
		{129C94C3-6D9F-4CDC-9BC5-BC8E4007D147}.Release|Any CPU.ActiveCfg = Release|Any CPU
		{129C94C3-6D9F-4CDC-9BC5-BC8E4007D147}.Release|Any CPU.Build.0 = Release|Any CPU
	EndGlobalSection
	GlobalSection(SolutionProperties) = preSolution
		HideSolutionNode = FALSE
	EndGlobalSection
	GlobalSection(ExtensibilityGlobals) = postSolution
		SolutionGuid = {5D23D67F-FA04-477C-89DE-7EE0FCD06043}
	EndGlobalSection
EndGlobal
